
Microsoft Visual Studio Solution File, Format Version 12.00
# Visual Studio Version 17
VisualStudioVersion = 17.0.32126.317
MinimumVisualStudioVersion = 10.0.40219.1
Project("{FAE04EC0-301F-11D3-BF4B-00C04F79EFBC}") = "dbAspNET", "dbAspNET.csproj", "{DEC00537-83AE-4C08-AA04-E5ABD47D88B3}"
EndProject
Project("{FAE04EC0-301F-11D3-BF4B-00C04F79EFBC}") = "Model2", "..\Model2\Model2.csproj", "{9790939A-92DA-4019-A0C6-3B3B061817B7}"
EndProject
Global
	GlobalSection(SolutionConfigurationPlatforms) = preSolution
		Debug|Any CPU = Debug|Any CPU
		Release|Any CPU = Release|Any CPU
	EndGlobalSection
	GlobalSection(ProjectConfigurationPlatforms) = postSolution
		{DEC00537-83AE-4C08-AA04-E5ABD47D88B3}.Debug|Any CPU.ActiveCfg = Debug|Any CPU
		{DEC00537-83AE-4C08-AA04-E5ABD47D88B3}.Debug|Any CPU.Build.0 = Debug|Any CPU
		{DEC00537-83AE-4C08-AA04-E5ABD47D88B3}.Release|Any CPU.ActiveCfg = Release|Any CPU
		{DEC00537-83AE-4C08-AA04-E5ABD47D88B3}.Release|Any CPU.Build.0 = Release|Any CPU
		{9790939A-92DA-4019-A0C6-3B3B061817B7}.Debug|Any CPU.ActiveCfg = Debug|Any CPU
		{9790939A-92DA-4019-A0C6-3B3B061817B7}.Debug|Any CPU.Build.0 = Debug|Any CPU
		{9790939A-92DA-4019-A0C6-3B3B061817B7}.Release|Any CPU.ActiveCfg = Release|Any CPU
		{9790939A-92DA-4019-A0C6-3B3B061817B7}.Release|Any CPU.Build.0 = Release|Any CPU
	EndGlobalSection
	GlobalSection(SolutionProperties) = preSolution
		HideSolutionNode = FALSE
	EndGlobalSection
	GlobalSection(ExtensibilityGlobals) = postSolution
		SolutionGuid = {60D4D774-07DE-4C7A-919C-DC5B756507A8}
	EndGlobalSection
EndGlobal
